
Microsoft Visual Studio Solution File, Format Version 12.00
# Visual Studio Version 17
VisualStudioVersion = 17.4.33205.214
MinimumVisualStudioVersion = 10.0.40219.1
Project("{2150E333-8FDC-42A3-9474-1A3956D46DE8}") = "Application", "Application", "{F3703C32-FF29-4977-8C17-4B759D0D1D19}"
EndProject
Project("{9A19103F-16F7-4668-BE54-9A1E7A4F7556}") = "Neal.Twitter.Application", "Neal.Twitter.Application\Neal.Twitter.Application.csproj", "{A3675161-864E-4E58-BDFE-52A2EEE285AA}"
	ProjectSection(ProjectDependencies) = postProject
		{3CA91DE6-0C42-4DA5-B960-9AB42E4CD4EC} = {3CA91DE6-0C42-4DA5-B960-9AB42E4CD4EC}
	EndProjectSection
EndProject
Project("{2150E333-8FDC-42A3-9474-1A3956D46DE8}") = "Core", "Core", "{D435F861-C0E4-4BFE-9593-4D88D5452FEE}"
EndProject
Project("{9A19103F-16F7-4668-BE54-9A1E7A4F7556}") = "Neal.Twitter.Core", "Neal.Twitter.Core\Neal.Twitter.Core.csproj", "{3CA91DE6-0C42-4DA5-B960-9AB42E4CD4EC}"
EndProject
Project("{2150E333-8FDC-42A3-9474-1A3956D46DE8}") = "Infrastructure", "Infrastructure", "{5830A315-D5B8-44A3-A7B6-33B340B7EA6B}"
EndProject
Project("{9A19103F-16F7-4668-BE54-9A1E7A4F7556}") = "Neal.Twitter.Infrastructure.StreamReader", "Neal.Twitter.Infrastructure.StreamReader\Neal.Twitter.Infrastructure.StreamReader.csproj", "{A28A143B-1C56-4C45-B50B-5D344CE2388A}"
EndProject
Project("{2150E333-8FDC-42A3-9474-1A3956D46DE8}") = "UI", "UI", "{FD7ED76B-AB50-4ED4-B225-ABA53F587164}"
EndProject
Project("{9A19103F-16F7-4668-BE54-9A1E7A4F7556}") = "Neal.Twitter.WebApp", "Neal.Twitter.WebApp\Neal.Twitter.WebApp.csproj", "{BE4847E5-CBA0-4410-96ED-0252D0A3932F}"
	ProjectSection(ProjectDependencies) = postProject
		{3CA91DE6-0C42-4DA5-B960-9AB42E4CD4EC} = {3CA91DE6-0C42-4DA5-B960-9AB42E4CD4EC}
		{A3675161-864E-4E58-BDFE-52A2EEE285AA} = {A3675161-864E-4E58-BDFE-52A2EEE285AA}
	EndProjectSection
EndProject
Project("{E53339B2-1760-4266-BCC7-CA923CBCF16C}") = "docker-compose", "docker-compose.dcproj", "{AC2C7E83-19FF-4B4C-8FC0-357A620FF1AE}"
	ProjectSection(ProjectDependencies) = postProject
		{8714AC28-7A47-4F2D-9A6B-4E9A6B02F49D} = {8714AC28-7A47-4F2D-9A6B-4E9A6B02F49D}
		{8D705211-A10C-4C71-9F07-21E01F3054F8} = {8D705211-A10C-4C71-9F07-21E01F3054F8}
		{A28A143B-1C56-4C45-B50B-5D344CE2388A} = {A28A143B-1C56-4C45-B50B-5D344CE2388A}
	EndProjectSection
EndProject
Project("{2150E333-8FDC-42A3-9474-1A3956D46DE8}") = "UnitTests", "UnitTests", "{A0987307-ED13-4AC3-AD3F-957D0B747F1C}"
EndProject
Project("{2150E333-8FDC-42A3-9474-1A3956D46DE8}") = "UnitTests", "UnitTests", "{B847D84F-A968-4B91-9C66-AE10BEEE77E6}"
EndProject
Project("{9A19103F-16F7-4668-BE54-9A1E7A4F7556}") = "Neal.Twitter.Application.UnitTests", "Neal.Twitter.Application.UnitTests\Neal.Twitter.Application.UnitTests.csproj", "{BC7329B5-E1C9-40B0-8CBA-5C49D72F213B}"
EndProject
Project("{9A19103F-16F7-4668-BE54-9A1E7A4F7556}") = "Neal.Twitter.Infrastructure.StreamReader.UnitTests", "Neal.Twitter.Infrastructure.StreamReader.UnitTests\Neal.Twitter.Infrastructure.StreamReader.UnitTests.csproj", "{C6178B5F-60C9-4F8B-B43F-85CCBD225B8D}"
EndProject
Project("{9A19103F-16F7-4668-BE54-9A1E7A4F7556}") = "Neal.Twitter.Infrastructure.Simple.Repository", "Neal.Twitter.Infrastructure.Simple.Repository\Neal.Twitter.Infrastructure.Simple.Repository.csproj", "{8714AC28-7A47-4F2D-9A6B-4E9A6B02F49D}"
EndProject
Project("{9A19103F-16F7-4668-BE54-9A1E7A4F7556}") = "Neal.Twitter.Infrastructure.Simple.Repository.UnitTests", "Neal.Twitter.Infrastructure.Simple.Repository.UnitTests\Neal.Twitter.Infrastructure.Simple.Repository.UnitTests.csproj", "{9CA6220F-DD74-423A-9900-DD97226F1234}"
EndProject
Project("{2150E333-8FDC-42A3-9474-1A3956D46DE8}") = "Clients", "Clients", "{3496AE57-DEB6-4DA0-890C-AD1122ADE900}"
EndProject
Project("{9A19103F-16F7-4668-BE54-9A1E7A4F7556}") = "Neal.Twitter.Faster.Client", "Neal.Twitter.Faster.Client\Neal.Twitter.Faster.Client.csproj", "{82B09045-E868-45A3-9B17-20872881C050}"
EndProject
Project("{9A19103F-16F7-4668-BE54-9A1E7A4F7556}") = "Neal.Twitter.Kafka.Client", "Neal.Twitter.Kafka.Client\Neal.Twitter.Kafka.Client.csproj", "{D951629C-6469-45D7-99F4-9F155C9DDC8C}"
EndProject
Project("{9A19103F-16F7-4668-BE54-9A1E7A4F7556}") = "Neal.Twitter.Simple.Client", "Neal.Twitter.Simple.Client\Neal.Twitter.Simple.Client.csproj", "{51D71D51-2D67-4594-A6A2-436E3C29C3E2}"
EndProject
Project("{9A19103F-16F7-4668-BE54-9A1E7A4F7556}") = "Neal.Twitter.LinqToTwitter.Client", "Neal.Twitter.LinqToTwitter.Client\Neal.Twitter.LinqToTwitter.Client.csproj", "{69755A2D-DA2A-4ED6-BB6F-F6453A71F3A2}"
EndProject
Project("{9A19103F-16F7-4668-BE54-9A1E7A4F7556}") = "Neal.Twitter.Infrastructure.Faster.Repository", "Neal.Twitter.Infrastructure.Faster.Repository\Neal.Twitter.Infrastructure.Faster.Repository.csproj", "{8D705211-A10C-4C71-9F07-21E01F3054F8}"
EndProject
Project("{2150E333-8FDC-42A3-9474-1A3956D46DE8}") = "UnitTests", "UnitTests", "{2EE7B775-A1E3-41B0-8064-E835766D6160}"
EndProject
Project("{9A19103F-16F7-4668-BE54-9A1E7A4F7556}") = "Neal.Twitter.Kafka.Client.UnitTests", "Neal.Twitter.Kafka.Client.UnitTests\Neal.Twitter.Kafka.Client.UnitTests.csproj", "{0D7D6867-FE38-4B56-B2F0-5D7B3F298218}"
EndProject
Project("{9A19103F-16F7-4668-BE54-9A1E7A4F7556}") = "Neal.Twitter.Faster.Client.UnitTests", "Neal.Twitter.Faster.Client.UnitTests\Neal.Twitter.Faster.Client.UnitTests.csproj", "{D5CA52FD-2782-4E22-BD12-1844AC66570C}"
EndProject
Project("{9A19103F-16F7-4668-BE54-9A1E7A4F7556}") = "Neal.Twitter.LinqToTwitter.Client.UnitTests", "Neal.Twitter.LinqToTwitter.Client.UnitTests\Neal.Twitter.LinqToTwitter.Client.UnitTests.csproj", "{97E46745-878D-4B53-913F-DDDE27EE84A5}"
EndProject
Project("{9A19103F-16F7-4668-BE54-9A1E7A4F7556}") = "Neal.Twitter.Simple.Client.UnitTests", "Neal.Twitter.Simple.Client.UnitTests\Neal.Twitter.Simple.Client.UnitTests.csproj", "{84EB85B1-C544-4C70-BF25-F7A80CEC0B40}"
EndProject
Global
	GlobalSection(SolutionConfigurationPlatforms) = preSolution
		Debug|Any CPU = Debug|Any CPU
		Release|Any CPU = Release|Any CPU
	EndGlobalSection
	GlobalSection(ProjectConfigurationPlatforms) = postSolution
		{A3675161-864E-4E58-BDFE-52A2EEE285AA}.Debug|Any CPU.ActiveCfg = Debug|Any CPU
		{A3675161-864E-4E58-BDFE-52A2EEE285AA}.Debug|Any CPU.Build.0 = Debug|Any CPU
		{A3675161-864E-4E58-BDFE-52A2EEE285AA}.Release|Any CPU.ActiveCfg = Release|Any CPU
		{A3675161-864E-4E58-BDFE-52A2EEE285AA}.Release|Any CPU.Build.0 = Release|Any CPU
		{3CA91DE6-0C42-4DA5-B960-9AB42E4CD4EC}.Debug|Any CPU.ActiveCfg = Debug|Any CPU
		{3CA91DE6-0C42-4DA5-B960-9AB42E4CD4EC}.Debug|Any CPU.Build.0 = Debug|Any CPU
		{3CA91DE6-0C42-4DA5-B960-9AB42E4CD4EC}.Release|Any CPU.ActiveCfg = Release|Any CPU
		{3CA91DE6-0C42-4DA5-B960-9AB42E4CD4EC}.Release|Any CPU.Build.0 = Release|Any CPU
		{A28A143B-1C56-4C45-B50B-5D344CE2388A}.Debug|Any CPU.ActiveCfg = Debug|Any CPU
		{A28A143B-1C56-4C45-B50B-5D344CE2388A}.Debug|Any CPU.Build.0 = Debug|Any CPU
		{A28A143B-1C56-4C45-B50B-5D344CE2388A}.Release|Any CPU.ActiveCfg = Release|Any CPU
		{A28A143B-1C56-4C45-B50B-5D344CE2388A}.Release|Any CPU.Build.0 = Release|Any CPU
		{BE4847E5-CBA0-4410-96ED-0252D0A3932F}.Debug|Any CPU.ActiveCfg = Debug|Any CPU
		{BE4847E5-CBA0-4410-96ED-0252D0A3932F}.Debug|Any CPU.Build.0 = Debug|Any CPU
		{BE4847E5-CBA0-4410-96ED-0252D0A3932F}.Release|Any CPU.ActiveCfg = Release|Any CPU
		{BE4847E5-CBA0-4410-96ED-0252D0A3932F}.Release|Any CPU.Build.0 = Release|Any CPU
		{AC2C7E83-19FF-4B4C-8FC0-357A620FF1AE}.Debug|Any CPU.ActiveCfg = Debug|Any CPU
		{AC2C7E83-19FF-4B4C-8FC0-357A620FF1AE}.Debug|Any CPU.Build.0 = Debug|Any CPU
		{AC2C7E83-19FF-4B4C-8FC0-357A620FF1AE}.Release|Any CPU.ActiveCfg = Debug|Any CPU
		{AC2C7E83-19FF-4B4C-8FC0-357A620FF1AE}.Release|Any CPU.Build.0 = Debug|Any CPU
		{BC7329B5-E1C9-40B0-8CBA-5C49D72F213B}.Debug|Any CPU.ActiveCfg = Debug|Any CPU
		{BC7329B5-E1C9-40B0-8CBA-5C49D72F213B}.Debug|Any CPU.Build.0 = Debug|Any CPU
		{BC7329B5-E1C9-40B0-8CBA-5C49D72F213B}.Release|Any CPU.ActiveCfg = Release|Any CPU
		{BC7329B5-E1C9-40B0-8CBA-5C49D72F213B}.Release|Any CPU.Build.0 = Release|Any CPU
		{C6178B5F-60C9-4F8B-B43F-85CCBD225B8D}.Debug|Any CPU.ActiveCfg = Debug|Any CPU
		{C6178B5F-60C9-4F8B-B43F-85CCBD225B8D}.Debug|Any CPU.Build.0 = Debug|Any CPU
		{C6178B5F-60C9-4F8B-B43F-85CCBD225B8D}.Release|Any CPU.ActiveCfg = Release|Any CPU
		{C6178B5F-60C9-4F8B-B43F-85CCBD225B8D}.Release|Any CPU.Build.0 = Release|Any CPU
		{8714AC28-7A47-4F2D-9A6B-4E9A6B02F49D}.Debug|Any CPU.ActiveCfg = Debug|Any CPU
		{8714AC28-7A47-4F2D-9A6B-4E9A6B02F49D}.Debug|Any CPU.Build.0 = Debug|Any CPU
		{8714AC28-7A47-4F2D-9A6B-4E9A6B02F49D}.Release|Any CPU.ActiveCfg = Release|Any CPU
		{8714AC28-7A47-4F2D-9A6B-4E9A6B02F49D}.Release|Any CPU.Build.0 = Release|Any CPU
		{9CA6220F-DD74-423A-9900-DD97226F1234}.Debug|Any CPU.ActiveCfg = Debug|Any CPU
		{9CA6220F-DD74-423A-9900-DD97226F1234}.Debug|Any CPU.Build.0 = Debug|Any CPU
		{9CA6220F-DD74-423A-9900-DD97226F1234}.Release|Any CPU.ActiveCfg = Release|Any CPU
		{9CA6220F-DD74-423A-9900-DD97226F1234}.Release|Any CPU.Build.0 = Release|Any CPU
		{82B09045-E868-45A3-9B17-20872881C050}.Debug|Any CPU.ActiveCfg = Debug|Any CPU
		{82B09045-E868-45A3-9B17-20872881C050}.Debug|Any CPU.Build.0 = Debug|Any CPU
		{82B09045-E868-45A3-9B17-20872881C050}.Release|Any CPU.ActiveCfg = Release|Any CPU
		{82B09045-E868-45A3-9B17-20872881C050}.Release|Any CPU.Build.0 = Release|Any CPU
		{D951629C-6469-45D7-99F4-9F155C9DDC8C}.Debug|Any CPU.ActiveCfg = Debug|Any CPU
		{D951629C-6469-45D7-99F4-9F155C9DDC8C}.Debug|Any CPU.Build.0 = Debug|Any CPU
		{D951629C-6469-45D7-99F4-9F155C9DDC8C}.Release|Any CPU.ActiveCfg = Release|Any CPU
		{D951629C-6469-45D7-99F4-9F155C9DDC8C}.Release|Any CPU.Build.0 = Release|Any CPU
		{51D71D51-2D67-4594-A6A2-436E3C29C3E2}.Debug|Any CPU.ActiveCfg = Debug|Any CPU
		{51D71D51-2D67-4594-A6A2-436E3C29C3E2}.Debug|Any CPU.Build.0 = Debug|Any CPU
		{51D71D51-2D67-4594-A6A2-436E3C29C3E2}.Release|Any CPU.ActiveCfg = Release|Any CPU
		{51D71D51-2D67-4594-A6A2-436E3C29C3E2}.Release|Any CPU.Build.0 = Release|Any CPU
		{69755A2D-DA2A-4ED6-BB6F-F6453A71F3A2}.Debug|Any CPU.ActiveCfg = Debug|Any CPU
		{69755A2D-DA2A-4ED6-BB6F-F6453A71F3A2}.Debug|Any CPU.Build.0 = Debug|Any CPU
		{69755A2D-DA2A-4ED6-BB6F-F6453A71F3A2}.Release|Any CPU.ActiveCfg = Release|Any CPU
		{69755A2D-DA2A-4ED6-BB6F-F6453A71F3A2}.Release|Any CPU.Build.0 = Release|Any CPU
		{8D705211-A10C-4C71-9F07-21E01F3054F8}.Debug|Any CPU.ActiveCfg = Debug|Any CPU
		{8D705211-A10C-4C71-9F07-21E01F3054F8}.Debug|Any CPU.Build.0 = Debug|Any CPU
		{8D705211-A10C-4C71-9F07-21E01F3054F8}.Release|Any CPU.ActiveCfg = Release|Any CPU
		{8D705211-A10C-4C71-9F07-21E01F3054F8}.Release|Any CPU.Build.0 = Release|Any CPU
		{0D7D6867-FE38-4B56-B2F0-5D7B3F298218}.Debug|Any CPU.ActiveCfg = Debug|Any CPU
		{0D7D6867-FE38-4B56-B2F0-5D7B3F298218}.Debug|Any CPU.Build.0 = Debug|Any CPU
		{0D7D6867-FE38-4B56-B2F0-5D7B3F298218}.Release|Any CPU.ActiveCfg = Release|Any CPU
		{0D7D6867-FE38-4B56-B2F0-5D7B3F298218}.Release|Any CPU.Build.0 = Release|Any CPU
		{D5CA52FD-2782-4E22-BD12-1844AC66570C}.Debug|Any CPU.ActiveCfg = Debug|Any CPU
		{D5CA52FD-2782-4E22-BD12-1844AC66570C}.Debug|Any CPU.Build.0 = Debug|Any CPU
		{D5CA52FD-2782-4E22-BD12-1844AC66570C}.Release|Any CPU.ActiveCfg = Release|Any CPU
		{D5CA52FD-2782-4E22-BD12-1844AC66570C}.Release|Any CPU.Build.0 = Release|Any CPU
		{97E46745-878D-4B53-913F-DDDE27EE84A5}.Debug|Any CPU.ActiveCfg = Debug|Any CPU
		{97E46745-878D-4B53-913F-DDDE27EE84A5}.Debug|Any CPU.Build.0 = Debug|Any CPU
		{97E46745-878D-4B53-913F-DDDE27EE84A5}.Release|Any CPU.ActiveCfg = Release|Any CPU
		{97E46745-878D-4B53-913F-DDDE27EE84A5}.Release|Any CPU.Build.0 = Release|Any CPU
		{84EB85B1-C544-4C70-BF25-F7A80CEC0B40}.Debug|Any CPU.ActiveCfg = Debug|Any CPU
		{84EB85B1-C544-4C70-BF25-F7A80CEC0B40}.Debug|Any CPU.Build.0 = Debug|Any CPU
		{84EB85B1-C544-4C70-BF25-F7A80CEC0B40}.Release|Any CPU.ActiveCfg = Release|Any CPU
		{84EB85B1-C544-4C70-BF25-F7A80CEC0B40}.Release|Any CPU.Build.0 = Release|Any CPU
	EndGlobalSection
	GlobalSection(SolutionProperties) = preSolution
		HideSolutionNode = FALSE
	EndGlobalSection
	GlobalSection(NestedProjects) = preSolution
		{A3675161-864E-4E58-BDFE-52A2EEE285AA} = {F3703C32-FF29-4977-8C17-4B759D0D1D19}
		{3CA91DE6-0C42-4DA5-B960-9AB42E4CD4EC} = {D435F861-C0E4-4BFE-9593-4D88D5452FEE}
		{A28A143B-1C56-4C45-B50B-5D344CE2388A} = {5830A315-D5B8-44A3-A7B6-33B340B7EA6B}
		{BE4847E5-CBA0-4410-96ED-0252D0A3932F} = {FD7ED76B-AB50-4ED4-B225-ABA53F587164}
		{A0987307-ED13-4AC3-AD3F-957D0B747F1C} = {F3703C32-FF29-4977-8C17-4B759D0D1D19}
		{B847D84F-A968-4B91-9C66-AE10BEEE77E6} = {5830A315-D5B8-44A3-A7B6-33B340B7EA6B}
		{BC7329B5-E1C9-40B0-8CBA-5C49D72F213B} = {A0987307-ED13-4AC3-AD3F-957D0B747F1C}
		{C6178B5F-60C9-4F8B-B43F-85CCBD225B8D} = {B847D84F-A968-4B91-9C66-AE10BEEE77E6}
		{8714AC28-7A47-4F2D-9A6B-4E9A6B02F49D} = {5830A315-D5B8-44A3-A7B6-33B340B7EA6B}
		{9CA6220F-DD74-423A-9900-DD97226F1234} = {B847D84F-A968-4B91-9C66-AE10BEEE77E6}
		{82B09045-E868-45A3-9B17-20872881C050} = {3496AE57-DEB6-4DA0-890C-AD1122ADE900}
		{D951629C-6469-45D7-99F4-9F155C9DDC8C} = {3496AE57-DEB6-4DA0-890C-AD1122ADE900}
		{51D71D51-2D67-4594-A6A2-436E3C29C3E2} = {3496AE57-DEB6-4DA0-890C-AD1122ADE900}
		{69755A2D-DA2A-4ED6-BB6F-F6453A71F3A2} = {3496AE57-DEB6-4DA0-890C-AD1122ADE900}
		{8D705211-A10C-4C71-9F07-21E01F3054F8} = {5830A315-D5B8-44A3-A7B6-33B340B7EA6B}
		{2EE7B775-A1E3-41B0-8064-E835766D6160} = {3496AE57-DEB6-4DA0-890C-AD1122ADE900}
		{0D7D6867-FE38-4B56-B2F0-5D7B3F298218} = {2EE7B775-A1E3-41B0-8064-E835766D6160}
		{D5CA52FD-2782-4E22-BD12-1844AC66570C} = {2EE7B775-A1E3-41B0-8064-E835766D6160}
		{97E46745-878D-4B53-913F-DDDE27EE84A5} = {2EE7B775-A1E3-41B0-8064-E835766D6160}
		{84EB85B1-C544-4C70-BF25-F7A80CEC0B40} = {2EE7B775-A1E3-41B0-8064-E835766D6160}
	EndGlobalSection
	GlobalSection(ExtensibilityGlobals) = postSolution
		SolutionGuid = {EB5308D1-019A-4682-85DD-CE351686C388}
	EndGlobalSection
EndGlobal
