
Microsoft Visual Studio Solution File, Format Version 12.00
# Visual Studio Version 17
VisualStudioVersion = 17.4.33205.214
MinimumVisualStudioVersion = 10.0.40219.1
Project("{2150E333-8FDC-42A3-9474-1A3956D46DE8}") = "Application", "Application", "{F3703C32-FF29-4977-8C17-4B759D0D1D19}"
EndProject
Project("{9A19103F-16F7-4668-BE54-9A1E7A4F7556}") = "Neal.Twitter.Application", "Neal.Twitter.Application\Neal.Twitter.Application.csproj", "{A3675161-864E-4E58-BDFE-52A2EEE285AA}"
	ProjectSection(ProjectDependencies) = postProject
		{3CA91DE6-0C42-4DA5-B960-9AB42E4CD4EC} = {3CA91DE6-0C42-4DA5-B960-9AB42E4CD4EC}
	EndProjectSection
EndProject
Project("{2150E333-8FDC-42A3-9474-1A3956D46DE8}") = "Core", "Core", "{D435F861-C0E4-4BFE-9593-4D88D5452FEE}"
EndProject
Project("{9A19103F-16F7-4668-BE54-9A1E7A4F7556}") = "Neal.Twitter.Core", "Neal.Twitter.Core\Neal.Twitter.Core.csproj", "{3CA91DE6-0C42-4DA5-B960-9AB42E4CD4EC}"
EndProject
Project("{2150E333-8FDC-42A3-9474-1A3956D46DE8}") = "Infrastructure", "Infrastructure", "{5830A315-D5B8-44A3-A7B6-33B340B7EA6B}"
EndProject
Project("{2150E333-8FDC-42A3-9474-1A3956D46DE8}") = "UnitTests", "UnitTests", "{A0987307-ED13-4AC3-AD3F-957D0B747F1C}"
EndProject
Project("{2150E333-8FDC-42A3-9474-1A3956D46DE8}") = "UnitTests", "UnitTests", "{B847D84F-A968-4B91-9C66-AE10BEEE77E6}"
EndProject
Project("{9A19103F-16F7-4668-BE54-9A1E7A4F7556}") = "Neal.Twitter.Application.UnitTests", "Neal.Twitter.Application.UnitTests\Neal.Twitter.Application.UnitTests.csproj", "{BC7329B5-E1C9-40B0-8CBA-5C49D72F213B}"
EndProject
Project("{2150E333-8FDC-42A3-9474-1A3956D46DE8}") = "Clients", "Clients", "{3496AE57-DEB6-4DA0-890C-AD1122ADE900}"
EndProject
Project("{9A19103F-16F7-4668-BE54-9A1E7A4F7556}") = "Neal.Twitter.Faster.Client", "Neal.Twitter.Faster.Client\Neal.Twitter.Faster.Client.csproj", "{82B09045-E868-45A3-9B17-20872881C050}"
EndProject
Project("{9A19103F-16F7-4668-BE54-9A1E7A4F7556}") = "Neal.Twitter.Infrastructure.Faster.API", "Neal.Twitter.Infrastructure.Faster.API\Neal.Twitter.Infrastructure.Faster.API.csproj", "{8D705211-A10C-4C71-9F07-21E01F3054F8}"
EndProject
Project("{2150E333-8FDC-42A3-9474-1A3956D46DE8}") = "UnitTests", "UnitTests", "{2EE7B775-A1E3-41B0-8064-E835766D6160}"
EndProject
Project("{9A19103F-16F7-4668-BE54-9A1E7A4F7556}") = "Neal.Twitter.Faster.Client.UnitTests", "Neal.Twitter.Faster.Client.UnitTests\Neal.Twitter.Faster.Client.UnitTests.csproj", "{D5CA52FD-2782-4E22-BD12-1844AC66570C}"
EndProject
Project("{2150E333-8FDC-42A3-9474-1A3956D46DE8}") = "API", "API", "{A0DC19D7-4769-4528-B5BA-CD9E4155D994}"
EndProject
Project("{9A19103F-16F7-4668-BE54-9A1E7A4F7556}") = "Neal.Twitter.Infrastructure.Faster.Repository", "Neal.Twitter.Infrastructure.Faster.Repository\Neal.Twitter.Infrastructure.Faster.Repository.csproj", "{0F59C94E-1D0A-4AEE-A1A5-6C3FBD8EE49D}"
EndProject
Global
	GlobalSection(SolutionConfigurationPlatforms) = preSolution
		Debug|Any CPU = Debug|Any CPU
		Release|Any CPU = Release|Any CPU
	EndGlobalSection
	GlobalSection(ProjectConfigurationPlatforms) = postSolution
		{A3675161-864E-4E58-BDFE-52A2EEE285AA}.Debug|Any CPU.ActiveCfg = Debug|Any CPU
		{A3675161-864E-4E58-BDFE-52A2EEE285AA}.Debug|Any CPU.Build.0 = Debug|Any CPU
		{A3675161-864E-4E58-BDFE-52A2EEE285AA}.Release|Any CPU.ActiveCfg = Release|Any CPU
		{A3675161-864E-4E58-BDFE-52A2EEE285AA}.Release|Any CPU.Build.0 = Release|Any CPU
		{3CA91DE6-0C42-4DA5-B960-9AB42E4CD4EC}.Debug|Any CPU.ActiveCfg = Debug|Any CPU
		{3CA91DE6-0C42-4DA5-B960-9AB42E4CD4EC}.Debug|Any CPU.Build.0 = Debug|Any CPU
		{3CA91DE6-0C42-4DA5-B960-9AB42E4CD4EC}.Release|Any CPU.ActiveCfg = Release|Any CPU
		{3CA91DE6-0C42-4DA5-B960-9AB42E4CD4EC}.Release|Any CPU.Build.0 = Release|Any CPU
		{BC7329B5-E1C9-40B0-8CBA-5C49D72F213B}.Debug|Any CPU.ActiveCfg = Debug|Any CPU
		{BC7329B5-E1C9-40B0-8CBA-5C49D72F213B}.Debug|Any CPU.Build.0 = Debug|Any CPU
		{BC7329B5-E1C9-40B0-8CBA-5C49D72F213B}.Release|Any CPU.ActiveCfg = Release|Any CPU
		{BC7329B5-E1C9-40B0-8CBA-5C49D72F213B}.Release|Any CPU.Build.0 = Release|Any CPU
		{82B09045-E868-45A3-9B17-20872881C050}.Debug|Any CPU.ActiveCfg = Debug|Any CPU
		{82B09045-E868-45A3-9B17-20872881C050}.Debug|Any CPU.Build.0 = Debug|Any CPU
		{82B09045-E868-45A3-9B17-20872881C050}.Release|Any CPU.ActiveCfg = Release|Any CPU
		{82B09045-E868-45A3-9B17-20872881C050}.Release|Any CPU.Build.0 = Release|Any CPU
		{8D705211-A10C-4C71-9F07-21E01F3054F8}.Debug|Any CPU.ActiveCfg = Debug|Any CPU
		{8D705211-A10C-4C71-9F07-21E01F3054F8}.Debug|Any CPU.Build.0 = Debug|Any CPU
		{8D705211-A10C-4C71-9F07-21E01F3054F8}.Release|Any CPU.ActiveCfg = Release|Any CPU
		{8D705211-A10C-4C71-9F07-21E01F3054F8}.Release|Any CPU.Build.0 = Release|Any CPU
		{D5CA52FD-2782-4E22-BD12-1844AC66570C}.Debug|Any CPU.ActiveCfg = Debug|Any CPU
		{D5CA52FD-2782-4E22-BD12-1844AC66570C}.Debug|Any CPU.Build.0 = Debug|Any CPU
		{D5CA52FD-2782-4E22-BD12-1844AC66570C}.Release|Any CPU.ActiveCfg = Release|Any CPU
		{D5CA52FD-2782-4E22-BD12-1844AC66570C}.Release|Any CPU.Build.0 = Release|Any CPU
		{0F59C94E-1D0A-4AEE-A1A5-6C3FBD8EE49D}.Debug|Any CPU.ActiveCfg = Debug|Any CPU
		{0F59C94E-1D0A-4AEE-A1A5-6C3FBD8EE49D}.Debug|Any CPU.Build.0 = Debug|Any CPU
		{0F59C94E-1D0A-4AEE-A1A5-6C3FBD8EE49D}.Release|Any CPU.ActiveCfg = Release|Any CPU
		{0F59C94E-1D0A-4AEE-A1A5-6C3FBD8EE49D}.Release|Any CPU.Build.0 = Release|Any CPU
	EndGlobalSection
	GlobalSection(SolutionProperties) = preSolution
		HideSolutionNode = FALSE
	EndGlobalSection
	GlobalSection(NestedProjects) = preSolution
		{A3675161-864E-4E58-BDFE-52A2EEE285AA} = {F3703C32-FF29-4977-8C17-4B759D0D1D19}
		{3CA91DE6-0C42-4DA5-B960-9AB42E4CD4EC} = {D435F861-C0E4-4BFE-9593-4D88D5452FEE}
		{A0987307-ED13-4AC3-AD3F-957D0B747F1C} = {F3703C32-FF29-4977-8C17-4B759D0D1D19}
		{B847D84F-A968-4B91-9C66-AE10BEEE77E6} = {5830A315-D5B8-44A3-A7B6-33B340B7EA6B}
		{BC7329B5-E1C9-40B0-8CBA-5C49D72F213B} = {A0987307-ED13-4AC3-AD3F-957D0B747F1C}
		{82B09045-E868-45A3-9B17-20872881C050} = {3496AE57-DEB6-4DA0-890C-AD1122ADE900}
		{8D705211-A10C-4C71-9F07-21E01F3054F8} = {A0DC19D7-4769-4528-B5BA-CD9E4155D994}
		{2EE7B775-A1E3-41B0-8064-E835766D6160} = {3496AE57-DEB6-4DA0-890C-AD1122ADE900}
		{D5CA52FD-2782-4E22-BD12-1844AC66570C} = {2EE7B775-A1E3-41B0-8064-E835766D6160}
		{0F59C94E-1D0A-4AEE-A1A5-6C3FBD8EE49D} = {5830A315-D5B8-44A3-A7B6-33B340B7EA6B}
	EndGlobalSection
	GlobalSection(ExtensibilityGlobals) = postSolution
		SolutionGuid = {EB5308D1-019A-4682-85DD-CE351686C388}
	EndGlobalSection
EndGlobal
